
Microsoft Visual Studio Solution File, Format Version 13.00
# Visual Studio 2013
Project("{8BC9CEB8-8B4A-11D0-8D11-00A0C91BC942}") = "ConnectionViewer", "ConnectionViewer.vcxproj", "{5313E528-2387-4086-99F1-0C98EB49F98E}"
	ProjectSection(ProjectDependencies) = postProject
		{8A505B6D-A9E8-40E9-A4AE-DE5AB08E3EDA} = {8A505B6D-A9E8-40E9-A4AE-DE5AB08E3EDA}
	EndProjectSection
EndProject
Project("{8BC9CEB8-8B4A-11D0-8D11-00A0C91BC942}") = "libGeoIP", "libGeoIP\libGeoIP.vcxproj", "{8A505B6D-A9E8-40E9-A4AE-DE5AB08E3EDA}"
EndProject
Project("{8BC9CEB8-8B4A-11D0-8D11-00A0C91BC942}") = "GeoIPDownloader", "GeoIPDownloader\GeoIPDownloader.vcxproj", "{3E67175A-AD07-457F-842C-C3F058775A90}"
	ProjectSection(ProjectDependencies) = postProject
		{D56DB0C9-CE94-4C1F-BF25-EA4FCD8CC872} = {D56DB0C9-CE94-4C1F-BF25-EA4FCD8CC872}
	EndProjectSection
EndProject
Project("{8BC9CEB8-8B4A-11D0-8D11-00A0C91BC942}") = "zlib", "zlib\zlib.vcxproj", "{D56DB0C9-CE94-4C1F-BF25-EA4FCD8CC872}"
EndProject
Global
	GlobalSection(SolutionConfigurationPlatforms) = preSolution
		Debug|Win32 = Debug|Win32
		Debug|x64 = Debug|x64
		Release|Win32 = Release|Win32
		Release|x64 = Release|x64
	EndGlobalSection
	GlobalSection(ProjectConfigurationPlatforms) = postSolution
		{5313E528-2387-4086-99F1-0C98EB49F98E}.Debug|Win32.ActiveCfg = Debug|Win32
		{5313E528-2387-4086-99F1-0C98EB49F98E}.Debug|Win32.Build.0 = Debug|Win32
		{5313E528-2387-4086-99F1-0C98EB49F98E}.Debug|x64.ActiveCfg = Debug|x64
		{5313E528-2387-4086-99F1-0C98EB49F98E}.Debug|x64.Build.0 = Debug|x64
		{5313E528-2387-4086-99F1-0C98EB49F98E}.Release|Win32.ActiveCfg = Release|Win32
		{5313E528-2387-4086-99F1-0C98EB49F98E}.Release|Win32.Build.0 = Release|Win32
		{5313E528-2387-4086-99F1-0C98EB49F98E}.Release|x64.ActiveCfg = Release|x64
		{5313E528-2387-4086-99F1-0C98EB49F98E}.Release|x64.Build.0 = Release|x64
		{8A505B6D-A9E8-40E9-A4AE-DE5AB08E3EDA}.Debug|Win32.ActiveCfg = Debug|Win32
		{8A505B6D-A9E8-40E9-A4AE-DE5AB08E3EDA}.Debug|Win32.Build.0 = Debug|Win32
		{8A505B6D-A9E8-40E9-A4AE-DE5AB08E3EDA}.Debug|x64.ActiveCfg = Debug|x64
		{8A505B6D-A9E8-40E9-A4AE-DE5AB08E3EDA}.Debug|x64.Build.0 = Debug|x64
		{8A505B6D-A9E8-40E9-A4AE-DE5AB08E3EDA}.Release|Win32.ActiveCfg = Release|Win32
		{8A505B6D-A9E8-40E9-A4AE-DE5AB08E3EDA}.Release|Win32.Build.0 = Release|Win32
		{8A505B6D-A9E8-40E9-A4AE-DE5AB08E3EDA}.Release|x64.ActiveCfg = Release|x64
		{8A505B6D-A9E8-40E9-A4AE-DE5AB08E3EDA}.Release|x64.Build.0 = Release|x64
		{3E67175A-AD07-457F-842C-C3F058775A90}.Debug|Win32.ActiveCfg = Debug|Win32
		{3E67175A-AD07-457F-842C-C3F058775A90}.Debug|Win32.Build.0 = Debug|Win32
		{3E67175A-AD07-457F-842C-C3F058775A90}.Debug|x64.ActiveCfg = Debug|x64
		{3E67175A-AD07-457F-842C-C3F058775A90}.Debug|x64.Build.0 = Debug|x64
		{3E67175A-AD07-457F-842C-C3F058775A90}.Release|Win32.ActiveCfg = Release|Win32
		{3E67175A-AD07-457F-842C-C3F058775A90}.Release|Win32.Build.0 = Release|Win32
		{3E67175A-AD07-457F-842C-C3F058775A90}.Release|x64.ActiveCfg = Release|x64
		{3E67175A-AD07-457F-842C-C3F058775A90}.Release|x64.Build.0 = Release|x64
		{D56DB0C9-CE94-4C1F-BF25-EA4FCD8CC872}.Debug|Win32.ActiveCfg = Debug|Win32
		{D56DB0C9-CE94-4C1F-BF25-EA4FCD8CC872}.Debug|Win32.Build.0 = Debug|Win32
		{D56DB0C9-CE94-4C1F-BF25-EA4FCD8CC872}.Debug|x64.ActiveCfg = Debug|x64
		{D56DB0C9-CE94-4C1F-BF25-EA4FCD8CC872}.Debug|x64.Build.0 = Debug|x64
		{D56DB0C9-CE94-4C1F-BF25-EA4FCD8CC872}.Release|Win32.ActiveCfg = Release|Win32
		{D56DB0C9-CE94-4C1F-BF25-EA4FCD8CC872}.Release|Win32.Build.0 = Release|Win32
		{D56DB0C9-CE94-4C1F-BF25-EA4FCD8CC872}.Release|x64.ActiveCfg = Release|x64
		{D56DB0C9-CE94-4C1F-BF25-EA4FCD8CC872}.Release|x64.Build.0 = Release|x64
	EndGlobalSection
	GlobalSection(SolutionProperties) = preSolution
		HideSolutionNode = FALSE
	EndGlobalSection
EndGlobal
